// !$*UTF8*$!
{
	archiveVersion = 1;
	classes = {
	};
	objectVersion = 50;
	objects = {

/* Begin PBXBuildFile section */
		8F39BE7B8029D40AE68F6F7F /* libPods-MFBannerView.a in Frameworks */ = {isa = PBXBuildFile; fileRef = 702906E7F1799B892782CE8A /* libPods-MFBannerView.a */; };
		9B433A3B212D4D5300CA7B8C /* AppDelegate.m in Sources */ = {isa = PBXBuildFile; fileRef = 9B433A3A212D4D5300CA7B8C /* AppDelegate.m */; };
		9B433A3E212D4D5300CA7B8C /* MFMainViewController.m in Sources */ = {isa = PBXBuildFile; fileRef = 9B433A3D212D4D5300CA7B8C /* MFMainViewController.m */; };
		9B433A43212D4D5400CA7B8C /* Assets.xcassets in Resources */ = {isa = PBXBuildFile; fileRef = 9B433A42212D4D5400CA7B8C /* Assets.xcassets */; };
		9B433A46212D4D5400CA7B8C /* LaunchScreen.storyboard in Resources */ = {isa = PBXBuildFile; fileRef = 9B433A44212D4D5400CA7B8C /* LaunchScreen.storyboard */; };
		9B433A49212D4D5400CA7B8C /* main.m in Sources */ = {isa = PBXBuildFile; fileRef = 9B433A48212D4D5400CA7B8C /* main.m */; };
		9B433A52212D4E8700CA7B8C /* MFBannerView.m in Sources */ = {isa = PBXBuildFile; fileRef = 9B433A51212D4E8700CA7B8C /* MFBannerView.m */; };
		9B433A55212D54CD00CA7B8C /* MFBannerLayout.m in Sources */ = {isa = PBXBuildFile; fileRef = 9B433A54212D54CD00CA7B8C /* MFBannerLayout.m */; };
		9B433A58212D830000CA7B8C /* MFTextBannerCell.m in Sources */ = {isa = PBXBuildFile; fileRef = 9B433A57212D830000CA7B8C /* MFTextBannerCell.m */; };
		9B6CC1F5213F7D4200B141A5 /* MFListViewController.m in Sources */ = {isa = PBXBuildFile; fileRef = 9B6CC1F4213F7D4200B141A5 /* MFListViewController.m */; };
		9B6CC1FB213FB9AA00B141A5 /* MFMarqueeCell.m in Sources */ = {isa = PBXBuildFile; fileRef = 9B6CC1FA213FB9AA00B141A5 /* MFMarqueeCell.m */; };
		9B6CC1FE2140074E00B141A5 /* MFBasicTitleCell.m in Sources */ = {isa = PBXBuildFile; fileRef = 9B6CC1FD2140074E00B141A5 /* MFBasicTitleCell.m */; };
/* End PBXBuildFile section */

/* Begin PBXFileReference section */
		53C14D084CE2A37F049E46BE /* Pods-MFBannerView.release.xcconfig */ = {isa = PBXFileReference; includeInIndex = 1; lastKnownFileType = text.xcconfig; name = "Pods-MFBannerView.release.xcconfig"; path = "Pods/Target Support Files/Pods-MFBannerView/Pods-MFBannerView.release.xcconfig"; sourceTree = "<group>"; };
		6992B4A1FA62AF013E39F0CE /* Pods-MFBannerView.debug.xcconfig */ = {isa = PBXFileReference; includeInIndex = 1; lastKnownFileType = text.xcconfig; name = "Pods-MFBannerView.debug.xcconfig"; path = "Pods/Target Support Files/Pods-MFBannerView/Pods-MFBannerView.debug.xcconfig"; sourceTree = "<group>"; };
		702906E7F1799B892782CE8A /* libPods-MFBannerView.a */ = {isa = PBXFileReference; explicitFileType = archive.ar; includeInIndex = 0; path = "libPods-MFBannerView.a"; sourceTree = BUILT_PRODUCTS_DIR; };
		9B433A36212D4D5300CA7B8C /* MFBannerView.app */ = {isa = PBXFileReference; explicitFileType = wrapper.application; includeInIndex = 0; path = MFBannerView.app; sourceTree = BUILT_PRODUCTS_DIR; };
		9B433A39212D4D5300CA7B8C /* AppDelegate.h */ = {isa = PBXFileReference; lastKnownFileType = sourcecode.c.h; path = AppDelegate.h; sourceTree = "<group>"; };
		9B433A3A212D4D5300CA7B8C /* AppDelegate.m */ = {isa = PBXFileReference; lastKnownFileType = sourcecode.c.objc; path = AppDelegate.m; sourceTree = "<group>"; };
		9B433A3C212D4D5300CA7B8C /* MFMainViewController.h */ = {isa = PBXFileReference; lastKnownFileType = sourcecode.c.h; path = MFMainViewController.h; sourceTree = "<group>"; };
		9B433A3D212D4D5300CA7B8C /* MFMainViewController.m */ = {isa = PBXFileReference; lastKnownFileType = sourcecode.c.objc; path = MFMainViewController.m; sourceTree = "<group>"; };
		9B433A42212D4D5400CA7B8C /* Assets.xcassets */ = {isa = PBXFileReference; lastKnownFileType = folder.assetcatalog; path = Assets.xcassets; sourceTree = "<group>"; };
		9B433A45212D4D5400CA7B8C /* Base */ = {isa = PBXFileReference; lastKnownFileType = file.storyboard; name = Base; path = Base.lproj/LaunchScreen.storyboard; sourceTree = "<group>"; };
		9B433A47212D4D5400CA7B8C /* Info.plist */ = {isa = PBXFileReference; lastKnownFileType = text.plist.xml; path = Info.plist; sourceTree = "<group>"; };
		9B433A48212D4D5400CA7B8C /* main.m */ = {isa = PBXFileReference; lastKnownFileType = sourcecode.c.objc; path = main.m; sourceTree = "<group>"; };
		9B433A50212D4E8700CA7B8C /* MFBannerView.h */ = {isa = PBXFileReference; lastKnownFileType = sourcecode.c.h; path = MFBannerView.h; sourceTree = "<group>"; };
		9B433A51212D4E8700CA7B8C /* MFBannerView.m */ = {isa = PBXFileReference; lastKnownFileType = sourcecode.c.objc; path = MFBannerView.m; sourceTree = "<group>"; };
		9B433A53212D54CD00CA7B8C /* MFBannerLayout.h */ = {isa = PBXFileReference; lastKnownFileType = sourcecode.c.h; path = MFBannerLayout.h; sourceTree = "<group>"; };
		9B433A54212D54CD00CA7B8C /* MFBannerLayout.m */ = {isa = PBXFileReference; lastKnownFileType = sourcecode.c.objc; path = MFBannerLayout.m; sourceTree = "<group>"; };
		9B433A56212D830000CA7B8C /* MFTextBannerCell.h */ = {isa = PBXFileReference; lastKnownFileType = sourcecode.c.h; path = MFTextBannerCell.h; sourceTree = "<group>"; };
		9B433A57212D830000CA7B8C /* MFTextBannerCell.m */ = {isa = PBXFileReference; lastKnownFileType = sourcecode.c.objc; path = MFTextBannerCell.m; sourceTree = "<group>"; };
		9B6CC1F3213F7D4200B141A5 /* MFListViewController.h */ = {isa = PBXFileReference; lastKnownFileType = sourcecode.c.h; path = MFListViewController.h; sourceTree = "<group>"; };
		9B6CC1F4213F7D4200B141A5 /* MFListViewController.m */ = {isa = PBXFileReference; lastKnownFileType = sourcecode.c.objc; path = MFListViewController.m; sourceTree = "<group>"; };
		9B6CC1F9213FB9AA00B141A5 /* MFMarqueeCell.h */ = {isa = PBXFileReference; lastKnownFileType = sourcecode.c.h; path = MFMarqueeCell.h; sourceTree = "<group>"; };
		9B6CC1FA213FB9AA00B141A5 /* MFMarqueeCell.m */ = {isa = PBXFileReference; lastKnownFileType = sourcecode.c.objc; path = MFMarqueeCell.m; sourceTree = "<group>"; };
		9B6CC1FC2140074E00B141A5 /* MFBasicTitleCell.h */ = {isa = PBXFileReference; lastKnownFileType = sourcecode.c.h; path = MFBasicTitleCell.h; sourceTree = "<group>"; };
		9B6CC1FD2140074E00B141A5 /* MFBasicTitleCell.m */ = {isa = PBXFileReference; lastKnownFileType = sourcecode.c.objc; path = MFBasicTitleCell.m; sourceTree = "<group>"; };
/* End PBXFileReference section */

/* Begin PBXFrameworksBuildPhase section */
		9B433A33212D4D5300CA7B8C /* Frameworks */ = {
			isa = PBXFrameworksBuildPhase;
			buildActionMask = 2147483647;
			files = (
				8F39BE7B8029D40AE68F6F7F /* libPods-MFBannerView.a in Frameworks */,
			);
			runOnlyForDeploymentPostprocessing = 0;
		};
/* End PBXFrameworksBuildPhase section */

/* Begin PBXGroup section */
		4AC14F03CDED5B5ECFA129A3 /* Frameworks */ = {
			isa = PBXGroup;
			children = (
				702906E7F1799B892782CE8A /* libPods-MFBannerView.a */,
			);
			name = Frameworks;
			sourceTree = "<group>";
		};
		9B433A2D212D4D5300CA7B8C = {
			isa = PBXGroup;
			children = (
				9B433A38212D4D5300CA7B8C /* MFBannerView */,
				9B433A37212D4D5300CA7B8C /* Products */,
				AF5A1C109900DF4C65C1B33B /* Pods */,
				4AC14F03CDED5B5ECFA129A3 /* Frameworks */,
			);
			sourceTree = "<group>";
		};
		9B433A37212D4D5300CA7B8C /* Products */ = {
			isa = PBXGroup;
			children = (
				9B433A36212D4D5300CA7B8C /* MFBannerView.app */,
			);
			name = Products;
			sourceTree = "<group>";
		};
		9B433A38212D4D5300CA7B8C /* MFBannerView */ = {
			isa = PBXGroup;
			children = (
				9B433A4F212D4E1300CA7B8C /* MFBannerView */,
				9B433A39212D4D5300CA7B8C /* AppDelegate.h */,
				9B433A3A212D4D5300CA7B8C /* AppDelegate.m */,
				9B6CC1F3213F7D4200B141A5 /* MFListViewController.h */,
				9B6CC1F4213F7D4200B141A5 /* MFListViewController.m */,
				9B433A3C212D4D5300CA7B8C /* MFMainViewController.h */,
				9B433A3D212D4D5300CA7B8C /* MFMainViewController.m */,
				9B6CC1F9213FB9AA00B141A5 /* MFMarqueeCell.h */,
				9B6CC1FA213FB9AA00B141A5 /* MFMarqueeCell.m */,
				9B6CC1FC2140074E00B141A5 /* MFBasicTitleCell.h */,
				9B6CC1FD2140074E00B141A5 /* MFBasicTitleCell.m */,
				9B433A56212D830000CA7B8C /* MFTextBannerCell.h */,
				9B433A57212D830000CA7B8C /* MFTextBannerCell.m */,
				9B433A42212D4D5400CA7B8C /* Assets.xcassets */,
				9B433A44212D4D5400CA7B8C /* LaunchScreen.storyboard */,
				9B433A47212D4D5400CA7B8C /* Info.plist */,
				9B433A48212D4D5400CA7B8C /* main.m */,
			);
			path = MFBannerView;
			sourceTree = "<group>";
		};
		9B433A4F212D4E1300CA7B8C /* MFBannerView */ = {
			isa = PBXGroup;
			children = (
				9B433A50212D4E8700CA7B8C /* MFBannerView.h */,
				9B433A51212D4E8700CA7B8C /* MFBannerView.m */,
				9B433A53212D54CD00CA7B8C /* MFBannerLayout.h */,
				9B433A54212D54CD00CA7B8C /* MFBannerLayout.m */,
			);
			path = MFBannerView;
			sourceTree = "<group>";
		};
		AF5A1C109900DF4C65C1B33B /* Pods */ = {
			isa = PBXGroup;
			children = (
				6992B4A1FA62AF013E39F0CE /* Pods-MFBannerView.debug.xcconfig */,
				53C14D084CE2A37F049E46BE /* Pods-MFBannerView.release.xcconfig */,
			);
			name = Pods;
			sourceTree = "<group>";
		};
/* End PBXGroup section */

/* Begin PBXNativeTarget section */
		9B433A35212D4D5300CA7B8C /* MFBannerView */ = {
			isa = PBXNativeTarget;
			buildConfigurationList = 9B433A4C212D4D5400CA7B8C /* Build configuration list for PBXNativeTarget "MFBannerView" */;
			buildPhases = (
				188C6D348752F42027C4581C /* [CP] Check Pods Manifest.lock */,
				9B433A32212D4D5300CA7B8C /* Sources */,
				9B433A33212D4D5300CA7B8C /* Frameworks */,
				9B433A34212D4D5300CA7B8C /* Resources */,
			);
			buildRules = (
			);
			dependencies = (
			);
			name = MFBannerView;
			productName = MFBannerView;
			productReference = 9B433A36212D4D5300CA7B8C /* MFBannerView.app */;
			productType = "com.apple.product-type.application";
		};
/* End PBXNativeTarget section */

/* Begin PBXProject section */
		9B433A2E212D4D5300CA7B8C /* Project object */ = {
			isa = PBXProject;
			attributes = {
				LastUpgradeCheck = 0940;
				ORGANIZATIONNAME = "董宝君";
				TargetAttributes = {
					9B433A35212D4D5300CA7B8C = {
						CreatedOnToolsVersion = 9.4.1;
					};
				};
			};
			buildConfigurationList = 9B433A31212D4D5300CA7B8C /* Build configuration list for PBXProject "MFBannerView" */;
			compatibilityVersion = "Xcode 9.3";
			developmentRegion = en;
			hasScannedForEncodings = 0;
			knownRegions = (
				en,
				Base,
			);
			mainGroup = 9B433A2D212D4D5300CA7B8C;
			productRefGroup = 9B433A37212D4D5300CA7B8C /* Products */;
			projectDirPath = "";
			projectRoot = "";
			targets = (
				9B433A35212D4D5300CA7B8C /* MFBannerView */,
			);
		};
/* End PBXProject section */

/* Begin PBXResourcesBuildPhase section */
		9B433A34212D4D5300CA7B8C /* Resources */ = {
			isa = PBXResourcesBuildPhase;
			buildActionMask = 2147483647;
			files = (
				9B433A46212D4D5400CA7B8C /* LaunchScreen.storyboard in Resources */,
				9B433A43212D4D5400CA7B8C /* Assets.xcassets in Resources */,
			);
			runOnlyForDeploymentPostprocessing = 0;
		};
/* End PBXResourcesBuildPhase section */

/* Begin PBXShellScriptBuildPhase section */
		188C6D348752F42027C4581C /* [CP] Check Pods Manifest.lock */ = {
			isa = PBXShellScriptBuildPhase;
			buildActionMask = 2147483647;
			files = (
			);
			inputPaths = (
				"${PODS_PODFILE_DIR_PATH}/Podfile.lock",
				"${PODS_ROOT}/Manifest.lock",
			);
			name = "[CP] Check Pods Manifest.lock";
			outputPaths = (
				"$(DERIVED_FILE_DIR)/Pods-MFBannerView-checkManifestLockResult.txt",
			);
			runOnlyForDeploymentPostprocessing = 0;
			shellPath = /bin/sh;
			shellScript = "diff \"${PODS_PODFILE_DIR_PATH}/Podfile.lock\" \"${PODS_ROOT}/Manifest.lock\" > /dev/null\nif [ $? != 0 ] ; then\n    # print error to STDERR\n    echo \"error: The sandbox is not in sync with the Podfile.lock. Run 'pod install' or update your CocoaPods installation.\" >&2\n    exit 1\nfi\n# This output is used by Xcode 'outputs' to avoid re-running this script phase.\necho \"SUCCESS\" > \"${SCRIPT_OUTPUT_FILE_0}\"\n";
			showEnvVarsInLog = 0;
		};
/* End PBXShellScriptBuildPhase section */

/* Begin PBXSourcesBuildPhase section */
		9B433A32212D4D5300CA7B8C /* Sources */ = {
			isa = PBXSourcesBuildPhase;
			buildActionMask = 2147483647;
			files = (
				9B433A58212D830000CA7B8C /* MFTextBannerCell.m in Sources */,
				9B6CC1FE2140074E00B141A5 /* MFBasicTitleCell.m in Sources */,
				9B433A3E212D4D5300CA7B8C /* MFMainViewController.m in Sources */,
				9B433A55212D54CD00CA7B8C /* MFBannerLayout.m in Sources */,
				9B433A52212D4E8700CA7B8C /* MFBannerView.m in Sources */,
				9B6CC1F5213F7D4200B141A5 /* MFListViewController.m in Sources */,
				9B6CC1FB213FB9AA00B141A5 /* MFMarqueeCell.m in Sources */,
				9B433A49212D4D5400CA7B8C /* main.m in Sources */,
				9B433A3B212D4D5300CA7B8C /* AppDelegate.m in Sources */,
			);
			runOnlyForDeploymentPostprocessing = 0;
		};
/* End PBXSourcesBuildPhase section */

/* Begin PBXVariantGroup section */
		9B433A44212D4D5400CA7B8C /* LaunchScreen.storyboard */ = {
			isa = PBXVariantGroup;
			children = (
				9B433A45212D4D5400CA7B8C /* Base */,
			);
			name = LaunchScreen.storyboard;
			sourceTree = "<group>";
		};
/* End PBXVariantGroup section */

/* Begin XCBuildConfiguration section */
		9B433A4A212D4D5400CA7B8C /* Debug */ = {
			isa = XCBuildConfiguration;
			buildSettings = {
				ALWAYS_SEARCH_USER_PATHS = NO;
				CLANG_ANALYZER_NONNULL = YES;
				CLANG_ANALYZER_NUMBER_OBJECT_CONVERSION = YES_AGGRESSIVE;
				CLANG_CXX_LANGUAGE_STANDARD = "gnu++14";
				CLANG_CXX_LIBRARY = "libc++";
				CLANG_ENABLE_MODULES = YES;
				CLANG_ENABLE_OBJC_ARC = YES;
				CLANG_ENABLE_OBJC_WEAK = YES;
				CLANG_WARN_BLOCK_CAPTURE_AUTORELEASING = YES;
				CLANG_WARN_BOOL_CONVERSION = YES;
				CLANG_WARN_COMMA = YES;
				CLANG_WARN_CONSTANT_CONVERSION = YES;
				CLANG_WARN_DEPRECATED_OBJC_IMPLEMENTATIONS = YES;
				CLANG_WARN_DIRECT_OBJC_ISA_USAGE = YES_ERROR;
				CLANG_WARN_DOCUMENTATION_COMMENTS = YES;
				CLANG_WARN_EMPTY_BODY = YES;
				CLANG_WARN_ENUM_CONVERSION = YES;
				CLANG_WARN_INFINITE_RECURSION = YES;
				CLANG_WARN_INT_CONVERSION = YES;
				CLANG_WARN_NON_LITERAL_NULL_CONVERSION = YES;
				CLANG_WARN_OBJC_IMPLICIT_RETAIN_SELF = YES;
				CLANG_WARN_OBJC_LITERAL_CONVERSION = YES;
				CLANG_WARN_OBJC_ROOT_CLASS = YES_ERROR;
				CLANG_WARN_RANGE_LOOP_ANALYSIS = YES;
				CLANG_WARN_STRICT_PROTOTYPES = YES;
				CLANG_WARN_SUSPICIOUS_MOVE = YES;
				CLANG_WARN_UNGUARDED_AVAILABILITY = YES_AGGRESSIVE;
				CLANG_WARN_UNREACHABLE_CODE = YES;
				CLANG_WARN__DUPLICATE_METHOD_MATCH = YES;
				CODE_SIGN_IDENTITY = "iPhone Developer";
				COPY_PHASE_STRIP = NO;
				DEBUG_INFORMATION_FORMAT = dwarf;
				ENABLE_STRICT_OBJC_MSGSEND = YES;
				ENABLE_TESTABILITY = YES;
				GCC_C_LANGUAGE_STANDARD = gnu11;
				GCC_DYNAMIC_NO_PIC = NO;
				GCC_NO_COMMON_BLOCKS = YES;
				GCC_OPTIMIZATION_LEVEL = 0;
				GCC_PREPROCESSOR_DEFINITIONS = (
					"DEBUG=1",
					"$(inherited)",
				);
				GCC_WARN_64_TO_32_BIT_CONVERSION = YES;
				GCC_WARN_ABOUT_RETURN_TYPE = YES_ERROR;
				GCC_WARN_UNDECLARED_SELECTOR = YES;
				GCC_WARN_UNINITIALIZED_AUTOS = YES_AGGRESSIVE;
				GCC_WARN_UNUSED_FUNCTION = YES;
				GCC_WARN_UNUSED_VARIABLE = YES;
				IPHONEOS_DEPLOYMENT_TARGET = 8.0;
				MTL_ENABLE_DEBUG_INFO = YES;
				ONLY_ACTIVE_ARCH = YES;
				SDKROOT = iphoneos;
			};
			name = Debug;
		};
		9B433A4B212D4D5400CA7B8C /* Release */ = {
			isa = XCBuildConfiguration;
			buildSettings = {
				ALWAYS_SEARCH_USER_PATHS = NO;
				CLANG_ANALYZER_NONNULL = YES;
				CLANG_ANALYZER_NUMBER_OBJECT_CONVERSION = YES_AGGRESSIVE;
				CLANG_CXX_LANGUAGE_STANDARD = "gnu++14";
				CLANG_CXX_LIBRARY = "libc++";
				CLANG_ENABLE_MODULES = YES;
				CLANG_ENABLE_OBJC_ARC = YES;
				CLANG_ENABLE_OBJC_WEAK = YES;
				CLANG_WARN_BLOCK_CAPTURE_AUTORELEASING = YES;
				CLANG_WARN_BOOL_CONVERSION = YES;
				CLANG_WARN_COMMA = YES;
				CLANG_WARN_CONSTANT_CONVERSION = YES;
				CLANG_WARN_DEPRECATED_OBJC_IMPLEMENTATIONS = YES;
				CLANG_WARN_DIRECT_OBJC_ISA_USAGE = YES_ERROR;
				CLANG_WARN_DOCUMENTATION_COMMENTS = YES;
				CLANG_WARN_EMPTY_BODY = YES;
				CLANG_WARN_ENUM_CONVERSION = YES;
				CLANG_WARN_INFINITE_RECURSION = YES;
				CLANG_WARN_INT_CONVERSION = YES;
				CLANG_WARN_NON_LITERAL_NULL_CONVERSION = YES;
				CLANG_WARN_OBJC_IMPLICIT_RETAIN_SELF = YES;
				CLANG_WARN_OBJC_LITERAL_CONVERSION = YES;
				CLANG_WARN_OBJC_ROOT_CLASS = YES_ERROR;
				CLANG_WARN_RANGE_LOOP_ANALYSIS = YES;
				CLANG_WARN_STRICT_PROTOTYPES = YES;
				CLANG_WARN_SUSPICIOUS_MOVE = YES;
				CLANG_WARN_UNGUARDED_AVAILABILITY = YES_AGGRESSIVE;
				CLANG_WARN_UNREACHABLE_CODE = YES;
				CLANG_WARN__DUPLICATE_METHOD_MATCH = YES;
				CODE_SIGN_IDENTITY = "iPhone Developer";
				COPY_PHASE_STRIP = NO;
				DEBUG_INFORMATION_FORMAT = "dwarf-with-dsym";
				ENABLE_NS_ASSERTIONS = NO;
				ENABLE_STRICT_OBJC_MSGSEND = YES;
				GCC_C_LANGUAGE_STANDARD = gnu11;
				GCC_NO_COMMON_BLOCKS = YES;
				GCC_WARN_64_TO_32_BIT_CONVERSION = YES;
				GCC_WARN_ABOUT_RETURN_TYPE = YES_ERROR;
				GCC_WARN_UNDECLARED_SELECTOR = YES;
				GCC_WARN_UNINITIALIZED_AUTOS = YES_AGGRESSIVE;
				GCC_WARN_UNUSED_FUNCTION = YES;
				GCC_WARN_UNUSED_VARIABLE = YES;
				IPHONEOS_DEPLOYMENT_TARGET = 8.0;
				MTL_ENABLE_DEBUG_INFO = NO;
				SDKROOT = iphoneos;
				VALIDATE_PRODUCT = YES;
			};
			name = Release;
		};
		9B433A4D212D4D5400CA7B8C /* Debug */ = {
			isa = XCBuildConfiguration;
			baseConfigurationReference = 6992B4A1FA62AF013E39F0CE /* Pods-MFBannerView.debug.xcconfig */;
			buildSettings = {
				ASSETCATALOG_COMPILER_APPICON_NAME = AppIcon;
				CODE_SIGN_STYLE = Automatic;
				DEVELOPMENT_TEAM = C8446UC22C;
				INFOPLIST_FILE = MFBannerView/Info.plist;
				IPHONEOS_DEPLOYMENT_TARGET = 8.0;
				LD_RUNPATH_SEARCH_PATHS = (
					"$(inherited)",
					"@executable_path/Frameworks",
				);
				PRODUCT_BUNDLE_IDENTIFIER = cn.missfresh.MFBannerView;
				PRODUCT_NAME = "$(TARGET_NAME)";
				TARGETED_DEVICE_FAMILY = "1,2";
			};
			name = Debug;
		};
		9B433A4E212D4D5400CA7B8C /* Release */ = {
			isa = XCBuildConfiguration;
			baseConfigurationReference = 53C14D084CE2A37F049E46BE /* Pods-MFBannerView.release.xcconfig */;
			buildSettings = {
				ASSETCATALOG_COMPILER_APPICON_NAME = AppIcon;
				CODE_SIGN_STYLE = Automatic;
				DEVELOPMENT_TEAM = C8446UC22C;
				INFOPLIST_FILE = MFBannerView/Info.plist;
				IPHONEOS_DEPLOYMENT_TARGET = 8.0;
				LD_RUNPATH_SEARCH_PATHS = (
					"$(inherited)",
					"@executable_path/Frameworks",
				);
				PRODUCT_BUNDLE_IDENTIFIER = cn.missfresh.MFBannerView;
				PRODUCT_NAME = "$(TARGET_NAME)";
				TARGETED_DEVICE_FAMILY = "1,2";
			};
			name = Release;
		};
/* End XCBuildConfiguration section */

/* Begin XCConfigurationList section */
		9B433A31212D4D5300CA7B8C /* Build configuration list for PBXProject "MFBannerView" */ = {
			isa = XCConfigurationList;
			buildConfigurations = (
				9B433A4A212D4D5400CA7B8C /* Debug */,
				9B433A4B212D4D5400CA7B8C /* Release */,
			);
			defaultConfigurationIsVisible = 0;
			defaultConfigurationName = Release;
		};
		9B433A4C212D4D5400CA7B8C /* Build configuration list for PBXNativeTarget "MFBannerView" */ = {
			isa = XCConfigurationList;
			buildConfigurations = (
				9B433A4D212D4D5400CA7B8C /* Debug */,
				9B433A4E212D4D5400CA7B8C /* Release */,
			);
			defaultConfigurationIsVisible = 0;
			defaultConfigurationName = Release;
		};
/* End XCConfigurationList section */
	};
	rootObject = 9B433A2E212D4D5300CA7B8C /* Project object */;
}
